
Microsoft Visual Studio Solution File, Format Version 12.00
# Visual Studio Version 17
VisualStudioVersion = 17.8.34408.163
MinimumVisualStudioVersion = 10.0.40219.1
Project("{778DAE3C-4631-46EA-AA77-85C1314464D9}") = "ZoppaDSqlMapper", "ZoppaDSqlMapper\ZoppaDSqlMapper.vbproj", "{220A78DD-500C-4364-9C0E-C7582DD924FF}"
EndProject
Project("{9A19103F-16F7-4668-BE54-9A1E7A4F7556}") = "DSqlSampleForSqliteCS", "DSqlSampleForSqliteCS\DSqlSampleForSqliteCS.csproj", "{F73D386F-58CC-49FA-971B-C84A5723EF0E}"
EndProject
Project("{778DAE3C-4631-46EA-AA77-85C1314464D9}") = "ZoppaDSqlTest", "ZoppaDSqlTest\ZoppaDSqlTest.vbproj", "{BE9A2355-A4BA-4FA0-A5D7-C0C5C97611E6}"
EndProject
Project("{778DAE3C-4631-46EA-AA77-85C1314464D9}") = "ZoppaDSqlCompiler", "ZoppaDSqlCompiler\ZoppaDSqlCompiler.vbproj", "{1AE5C753-81A7-4873-B31F-209A14F52932}"
EndProject
Project("{778DAE3C-4631-46EA-AA77-85C1314464D9}") = "LexicalConsole", "LexicalConsole\LexicalConsole.vbproj", "{85A1C7ED-CFB5-497B-B1A6-75F35C586295}"
EndProject
Project("{778DAE3C-4631-46EA-AA77-85C1314464D9}") = "ZoppaLoggingExtensions", "..\ZoppaLoggingExtensions\ZoppaLoggingExtensions\ZoppaLoggingExtensions.vbproj", "{66563A38-9E44-4756-9BBB-8C0B5F67DC5F}"
EndProject
Global
	GlobalSection(SolutionConfigurationPlatforms) = preSolution
		Debug|Any CPU = Debug|Any CPU
		Release|Any CPU = Release|Any CPU
	EndGlobalSection
	GlobalSection(ProjectConfigurationPlatforms) = postSolution
		{220A78DD-500C-4364-9C0E-C7582DD924FF}.Debug|Any CPU.ActiveCfg = Debug|Any CPU
		{220A78DD-500C-4364-9C0E-C7582DD924FF}.Debug|Any CPU.Build.0 = Debug|Any CPU
		{220A78DD-500C-4364-9C0E-C7582DD924FF}.Release|Any CPU.ActiveCfg = Release|Any CPU
		{220A78DD-500C-4364-9C0E-C7582DD924FF}.Release|Any CPU.Build.0 = Release|Any CPU
		{F73D386F-58CC-49FA-971B-C84A5723EF0E}.Debug|Any CPU.ActiveCfg = Debug|Any CPU
		{F73D386F-58CC-49FA-971B-C84A5723EF0E}.Debug|Any CPU.Build.0 = Debug|Any CPU
		{F73D386F-58CC-49FA-971B-C84A5723EF0E}.Release|Any CPU.ActiveCfg = Release|Any CPU
		{F73D386F-58CC-49FA-971B-C84A5723EF0E}.Release|Any CPU.Build.0 = Release|Any CPU
		{BE9A2355-A4BA-4FA0-A5D7-C0C5C97611E6}.Debug|Any CPU.ActiveCfg = Debug|Any CPU
		{BE9A2355-A4BA-4FA0-A5D7-C0C5C97611E6}.Debug|Any CPU.Build.0 = Debug|Any CPU
		{BE9A2355-A4BA-4FA0-A5D7-C0C5C97611E6}.Release|Any CPU.ActiveCfg = Release|Any CPU
		{BE9A2355-A4BA-4FA0-A5D7-C0C5C97611E6}.Release|Any CPU.Build.0 = Release|Any CPU
		{1AE5C753-81A7-4873-B31F-209A14F52932}.Debug|Any CPU.ActiveCfg = Debug|Any CPU
		{1AE5C753-81A7-4873-B31F-209A14F52932}.Debug|Any CPU.Build.0 = Debug|Any CPU
		{1AE5C753-81A7-4873-B31F-209A14F52932}.Release|Any CPU.ActiveCfg = Release|Any CPU
		{1AE5C753-81A7-4873-B31F-209A14F52932}.Release|Any CPU.Build.0 = Release|Any CPU
		{85A1C7ED-CFB5-497B-B1A6-75F35C586295}.Debug|Any CPU.ActiveCfg = Debug|Any CPU
		{85A1C7ED-CFB5-497B-B1A6-75F35C586295}.Debug|Any CPU.Build.0 = Debug|Any CPU
		{85A1C7ED-CFB5-497B-B1A6-75F35C586295}.Release|Any CPU.ActiveCfg = Release|Any CPU
		{85A1C7ED-CFB5-497B-B1A6-75F35C586295}.Release|Any CPU.Build.0 = Release|Any CPU
		{66563A38-9E44-4756-9BBB-8C0B5F67DC5F}.Debug|Any CPU.ActiveCfg = Debug|Any CPU
		{66563A38-9E44-4756-9BBB-8C0B5F67DC5F}.Debug|Any CPU.Build.0 = Debug|Any CPU
		{66563A38-9E44-4756-9BBB-8C0B5F67DC5F}.Release|Any CPU.ActiveCfg = Release|Any CPU
		{66563A38-9E44-4756-9BBB-8C0B5F67DC5F}.Release|Any CPU.Build.0 = Release|Any CPU
	EndGlobalSection
	GlobalSection(SolutionProperties) = preSolution
		HideSolutionNode = FALSE
	EndGlobalSection
	GlobalSection(ExtensibilityGlobals) = postSolution
		SolutionGuid = {9437E393-E16C-49B6-8A09-564AB0B70BE4}
	EndGlobalSection
EndGlobal
